lockfileVersion: '9.0'

settings:
  autoInstallPeers: true
  excludeLinksFromLockfile: false

importers:

  .:
    devDependencies:
      '@openzeppelin/contracts':
        specifier: ^5.1.0
        version: 5.1.0
      forge-std:
        specifier: github:foundry-rs/forge-std
        version: https://codeload.github.com/foundry-rs/forge-std/tar.gz/1eea5bae12ae557d589f9f0f0edae2faa47cb262

packages:

  '@openzeppelin/contracts@5.1.0':
    resolution: {integrity: sha512-p1ULhl7BXzjjbha5aqst+QMLY+4/LCWADXOCsmLHRM77AqiPjnd9vvUN9sosUfhL9JGKpZ0TjEGxgvnizmWGSA==}

  forge-std@https://codeload.github.com/foundry-rs/forge-std/tar.gz/1eea5bae12ae557d589f9f0f0edae2faa47cb262:
    resolution: {tarball: https://codeload.github.com/foundry-rs/forge-std/tar.gz/1eea5bae12ae557d589f9f0f0edae2faa47cb262}
    version: 1.9.4

snapshots:

  '@openzeppelin/contracts@5.1.0': {}

  forge-std@https://codeload.github.com/foundry-rs/forge-std/tar.gz/1eea5bae12ae557d589f9f0f0edae2faa47cb262: {}
